
Microsoft Visual Studio Solution File, Format Version 12.00
# Visual Studio Version 17
VisualStudioVersion = 17.0.31912.275
MinimumVisualStudioVersion = 10.0.40219.1
Project("{FAE04EC0-301F-11D3-BF4B-00C04F79EFBC}") = "Praktikum 23 Mei 2022", "Praktikum 23 Mei 2022\Praktikum 23 Mei 2022.csproj", "{3EC6A7AB-0BE7-457C-AE27-4C2391B43729}"
EndProject
Global
	GlobalSection(SolutionConfigurationPlatforms) = preSolution
		Debug|Any CPU = Debug|Any CPU
		Release|Any CPU = Release|Any CPU
	EndGlobalSection
	GlobalSection(ProjectConfigurationPlatforms) = postSolution
		{3EC6A7AB-0BE7-457C-AE27-4C2391B43729}.Debug|Any CPU.ActiveCfg = Debug|Any CPU
		{3EC6A7AB-0BE7-457C-AE27-4C2391B43729}.Debug|Any CPU.Build.0 = Debug|Any CPU
		{3EC6A7AB-0BE7-457C-AE27-4C2391B43729}.Release|Any CPU.ActiveCfg = Release|Any CPU
		{3EC6A7AB-0BE7-457C-AE27-4C2391B43729}.Release|Any CPU.Build.0 = Release|Any CPU
	EndGlobalSection
	GlobalSection(SolutionProperties) = preSolution
		HideSolutionNode = FALSE
	EndGlobalSection
	GlobalSection(ExtensibilityGlobals) = postSolution
		SolutionGuid = {A650B014-745C-4FC0-B9D2-6338BB773D4E}
	EndGlobalSection
EndGlobal
